{
  "name": "@mhal007/monorepo-npm",
  "version": "0.0.1",
  "lockfileVersion": 3,
  "requires": true,
  "packages": {
    "": {
      "name": "@mhal007/monorepo-npm",
      "version": "0.0.1",
      "workspaces": [
        "applications/*",
        "libraries/*"
      ]
    },
    "applications/application-1": {
      "name": "@mhal007/monorepo-npm-application-1",
      "version": "0.0.2",
      "dependencies": {
        "@mhal007/monorepo-npm-library-1": "1.0.5"
      }
    },
    "applications/application-2": {
      "name": "@mhal007/monorepo-npm-application-2",
      "version": "0.0.2",
      "dependencies": {
        "@mhal007/monorepo-npm-library-1": "1.0.5",
        "@mhal007/monorepo-npm-library-2": "1.0.4"
      }
    },
    "applications/application-3": {
      "name": "@mhal007/monorepo-npm-application-3",
      "version": "0.0.2",
      "dependencies": {
        "@mhal007/monorepo-npm-library-1": "1.0.5",
        "@mhal007/monorepo-npm-library-2": "1.0.4",
        "@mhal007/monorepo-npm-library-3": "1.0.4"
      }
    },
    "libraries/library-1": {
      "name": "@mhal007/monorepo-npm-library-1",
      "version": "1.0.5",
      "dependencies": {
        "@mhal007/monorepo-npm-library-helper": "1.0.5"
      }
    },
    "libraries/library-2": {
      "name": "@mhal007/monorepo-npm-library-2",
      "version": "1.0.4",
      "dependencies": {
        "@mhal007/monorepo-npm-library-helper": "1.0.5"
      }
    },
    "libraries/library-3": {
      "name": "@mhal007/monorepo-npm-library-3",
      "version": "1.0.4",
      "dependencies": {
        "@mhal007/monorepo-npm-library-helper": "1.0.5"
      }
    },
    "libraries/library-helper": {
      "name": "@mhal007/monorepo-npm-library-helper",
      "version": "1.0.5"
    },
    "node_modules/@mhal007/monorepo-npm-application-1": {
      "resolved": "applications/application-1",
      "link": true
    },
    "node_modules/@mhal007/monorepo-npm-application-2": {
      "resolved": "applications/application-2",
      "link": true
    },
    "node_modules/@mhal007/monorepo-npm-application-3": {
      "resolved": "applications/application-3",
      "link": true
    },
    "node_modules/@mhal007/monorepo-npm-library-1": {
      "resolved": "libraries/library-1",
      "link": true
    },
    "node_modules/@mhal007/monorepo-npm-library-2": {
      "resolved": "libraries/library-2",
      "link": true
    },
    "node_modules/@mhal007/monorepo-npm-library-3": {
      "resolved": "libraries/library-3",
      "link": true
    },
    "node_modules/@mhal007/monorepo-npm-library-helper": {
      "resolved": "libraries/library-helper",
      "link": true
    }
  }
}
