{
  "name": "@mhal007/monorepo-npm",
  "version": "0.0.1",
  "lockfileVersion": 2,
  "requires": true,
  "packages": {
    "": {
      "name": "@mhal007/monorepo-npm",
      "version": "0.0.1",
      "workspaces": [
        "applications/*",
        "libraries/*"
      ],
      "devDependencies": {
        "husky": "8.0.1"
      }
    },
    "applications/application-1": {
      "name": "@mhal007/monorepo-npm-application-1",
      "version": "0.0.1"
    },
    "applications/application-2": {
      "name": "@mhal007/monorepo-npm-application-2",
      "version": "0.0.1"
    },
    "applications/application-3": {
      "name": "@mhal007/monorepo-npm-application-3",
      "version": "0.0.1"
    },
    "libraries/library-1": {
      "name": "@mhal007/monorepo-npm-library-1",
      "version": "0.0.1"
    },
    "libraries/library-2": {
      "name": "@mhal007/monorepo-npm-library-2",
      "version": "0.0.1"
    },
    "libraries/library-3": {
      "name": "@mhal007/monorepo-npm-library-3",
      "version": "0.0.1"
    },
    "libraries/library-helper": {
      "name": "@mhal007/monorepo-npm-library-helper",
      "version": "0.0.1"
    },
    "node_modules/@mhal007/monorepo-npm-application-1": {
      "resolved": "applications/application-1",
      "link": true
    },
    "node_modules/@mhal007/monorepo-npm-application-2": {
      "resolved": "applications/application-2",
      "link": true
    },
    "node_modules/@mhal007/monorepo-npm-application-3": {
      "resolved": "applications/application-3",
      "link": true
    },
    "node_modules/@mhal007/monorepo-npm-library-1": {
      "resolved": "libraries/library-1",
      "link": true
    },
    "node_modules/@mhal007/monorepo-npm-library-2": {
      "resolved": "libraries/library-2",
      "link": true
    },
    "node_modules/@mhal007/monorepo-npm-library-3": {
      "resolved": "libraries/library-3",
      "link": true
    },
    "node_modules/@mhal007/monorepo-npm-library-helper": {
      "resolved": "libraries/library-helper",
      "link": true
    },
    "node_modules/husky": {
      "version": "8.0.1",
      "resolved": "https://registry.npmjs.org/husky/-/husky-8.0.1.tgz",
      "integrity": "sha512-xs7/chUH/CKdOCs7Zy0Aev9e/dKOMZf3K1Az1nar3tzlv0jfqnYtu235bstsWTmXOR0EfINrPa97yy4Lz6RiKw==",
      "dev": true,
      "bin": {
        "husky": "lib/bin.js"
      },
      "engines": {
        "node": ">=14"
      },
      "funding": {
        "url": "https://github.com/sponsors/typicode"
      }
    }
  },
  "dependencies": {
    "@mhal007/monorepo-npm-application-1": {
      "version": "file:applications/application-1"
    },
    "@mhal007/monorepo-npm-application-2": {
      "version": "file:applications/application-2"
    },
    "@mhal007/monorepo-npm-application-3": {
      "version": "file:applications/application-3"
    },
    "@mhal007/monorepo-npm-library-1": {
      "version": "file:libraries/library-1"
    },
    "@mhal007/monorepo-npm-library-2": {
      "version": "file:libraries/library-2"
    },
    "@mhal007/monorepo-npm-library-3": {
      "version": "file:libraries/library-3"
    },
    "@mhal007/monorepo-npm-library-helper": {
      "version": "file:libraries/library-helper"
    },
    "husky": {
      "version": "8.0.1",
      "resolved": "https://registry.npmjs.org/husky/-/husky-8.0.1.tgz",
      "integrity": "sha512-xs7/chUH/CKdOCs7Zy0Aev9e/dKOMZf3K1Az1nar3tzlv0jfqnYtu235bstsWTmXOR0EfINrPa97yy4Lz6RiKw==",
      "dev": true
    }
  }
}
